{
  "name": "npm-test",
  "version": "1.0.0",
  "lockfileVersion": 1,
  "requires": true,
  "dependencies": {
    "@delatrie-org/cljs-es6-1": {
      "version": "0.0.2",
      "resolved": "https://registry.npmjs.org/@delatrie-org/cljs-es6-1/-/cljs-es6-1-0.0.2.tgz",
      "integrity": "sha512-1VtBSWuTcfxrjHkTAN2imHXrh5PxdhPmyD60fQjZWpQw4Aa3NToLDVDTqOF/KfezcYdiN7V/E6Yc0RQwyDpugQ=="
    },
    "@delatrie-org/cljs-es6-2": {
      "version": "0.0.3",
      "resolved": "https://registry.npmjs.org/@delatrie-org/cljs-es6-2/-/cljs-es6-2-0.0.3.tgz",
      "integrity": "sha512-55CbvScxnd8G0LETeS5hbIl8+ftxnHqnIGLA8gh4bDGeeJ/926P63EAqwmf0ZrcOCDpnDrsVH9kw30VbRTDXjQ==",
      "requires": {
        "@delatrie-org/cljs-es6-1": "0.0.2"
      }
    },
    "@delatrie-org/cljs-es6-3": {
      "version": "0.0.3",
      "resolved": "https://registry.npmjs.org/@delatrie-org/cljs-es6-3/-/cljs-es6-3-0.0.3.tgz",
      "integrity": "sha512-3c6wbJmElQNp4v6OFqJIjZSZdGLGeVM2q0YlCkZy/Xd7AkPqVXDvbT3hzFS0gJQLoZA7V16o+ThmyjwwrZZgPw=="
    }
  }
}
