{
  "name": "@delatrie-org/cljs-es6-2",
  "version": "0.0.2",
  "lockfileVersion": 1,
  "requires": true,
  "dependencies": {
    "@delatrie-org/cljs-es6-1": {
      "version": "0.0.2",
      "resolved": "https://registry.npmjs.org/@delatrie-org/cljs-es6-1/-/cljs-es6-1-0.0.2.tgz",
      "integrity": "sha512-1VtBSWuTcfxrjHkTAN2imHXrh5PxdhPmyD60fQjZWpQw4Aa3NToLDVDTqOF/KfezcYdiN7V/E6Yc0RQwyDpugQ=="
    }
  }
}
